
Microsoft Visual Studio Solution File, Format Version 12.00
# Visual Studio 15
VisualStudioVersion = 15.0.28307.489
MinimumVisualStudioVersion = 10.0.40219.1
Project("{8BC9CEB8-8B4A-11D0-8D11-00A0C91BC942}") = "gityou", "gityou\gityou.vcxproj", "{F8F7DF4C-116B-404F-8AB8-FDC031504109}"
EndProject
Global
	GlobalSection(SolutionConfigurationPlatforms) = preSolution
		Debug|x64 = Debug|x64
		Debug|x86 = Debug|x86
		Release|x64 = Release|x64
		Release|x86 = Release|x86
	EndGlobalSection
	GlobalSection(ProjectConfigurationPlatforms) = postSolution
		{F8F7DF4C-116B-404F-8AB8-FDC031504109}.Debug|x64.ActiveCfg = Debug|x64
		{F8F7DF4C-116B-404F-8AB8-FDC031504109}.Debug|x64.Build.0 = Debug|x64
		{F8F7DF4C-116B-404F-8AB8-FDC031504109}.Debug|x86.ActiveCfg = Debug|Win32
		{F8F7DF4C-116B-404F-8AB8-FDC031504109}.Debug|x86.Build.0 = Debug|Win32
		{F8F7DF4C-116B-404F-8AB8-FDC031504109}.Release|x64.ActiveCfg = Release|x64
		{F8F7DF4C-116B-404F-8AB8-FDC031504109}.Release|x64.Build.0 = Release|x64
		{F8F7DF4C-116B-404F-8AB8-FDC031504109}.Release|x86.ActiveCfg = Release|Win32
		{F8F7DF4C-116B-404F-8AB8-FDC031504109}.Release|x86.Build.0 = Release|Win32
	EndGlobalSection
	GlobalSection(SolutionProperties) = preSolution
		HideSolutionNode = FALSE
	EndGlobalSection
	GlobalSection(ExtensibilityGlobals) = postSolution
		SolutionGuid = {4030F869-2B5A-4BAB-912A-0F882B21E795}
	EndGlobalSection
EndGlobal
